// !$*UTF8*$!
{
	archiveVersion = 1;
	classes = {
	};
	objectVersion = 46;
	objects = {

/* Begin PBXBuildFile section */
		223250131926624A00E634E0 /* GettingStartedViewController.m in Sources */ = {isa = PBXBuildFile; fileRef = 223250121926624A00E634E0 /* GettingStartedViewController.m */; };
		22325016192716D100E634E0 /* CurriculumViewController.m in Sources */ = {isa = PBXBuildFile; fileRef = 22325015192716D100E634E0 /* CurriculumViewController.m */; };
		2262FCAC19277B3700B018F2 /* AcademicViewController.m in Sources */ = {isa = PBXBuildFile; fileRef = 2262FCAB19277B3700B018F2 /* AcademicViewController.m */; };
		2262FCAF19277E8E00B018F2 /* AppliedViewController.m in Sources */ = {isa = PBXBuildFile; fileRef = 2262FCAE19277E8E00B018F2 /* AppliedViewController.m */; };
		2262FCB219277E9600B018F2 /* CCAViewController.m in Sources */ = {isa = PBXBuildFile; fileRef = 2262FCB119277E9600B018F2 /* CCAViewController.m */; };
		2262FCB519277F3E00B018F2 /* DetailViewController.m in Sources */ = {isa = PBXBuildFile; fileRef = 2262FCB419277F3E00B018F2 /* DetailViewController.m */; };
		2262FCB919279FD300B018F2 /* UIImage-Extensions.m in Sources */ = {isa = PBXBuildFile; fileRef = 2262FCB819279FD300B018F2 /* UIImage-Extensions.m */; };
		22AB06281924C26600AE3670 /* Foundation.framework in Frameworks */ = {isa = PBXBuildFile; fileRef = 22AB06271924C26600AE3670 /* Foundation.framework */; };
		22AB062A1924C26600AE3670 /* CoreGraphics.framework in Frameworks */ = {isa = PBXBuildFile; fileRef = 22AB06291924C26600AE3670 /* CoreGraphics.framework */; };
		22AB062C1924C26600AE3670 /* UIKit.framework in Frameworks */ = {isa = PBXBuildFile; fileRef = 22AB062B1924C26600AE3670 /* UIKit.framework */; };
		22AB06321924C26600AE3670 /* InfoPlist.strings in Resources */ = {isa = PBXBuildFile; fileRef = 22AB06301924C26600AE3670 /* InfoPlist.strings */; };
		22AB06341924C26600AE3670 /* main.m in Sources */ = {isa = PBXBuildFile; fileRef = 22AB06331924C26600AE3670 /* main.m */; };
		22AB06381924C26600AE3670 /* AppDelegate.m in Sources */ = {isa = PBXBuildFile; fileRef = 22AB06371924C26600AE3670 /* AppDelegate.m */; };
		22AB063B1924C26600AE3670 /* Main_iPhone.storyboard in Resources */ = {isa = PBXBuildFile; fileRef = 22AB06391924C26600AE3670 /* Main_iPhone.storyboard */; };
		22AB063E1924C26600AE3670 /* Main_iPad.storyboard in Resources */ = {isa = PBXBuildFile; fileRef = 22AB063C1924C26600AE3670 /* Main_iPad.storyboard */; };
		22AB06411924C26600AE3670 /* ViewController.m in Sources */ = {isa = PBXBuildFile; fileRef = 22AB06401924C26600AE3670 /* ViewController.m */; };
		22AB06431924C26600AE3670 /* Images.xcassets in Resources */ = {isa = PBXBuildFile; fileRef = 22AB06421924C26600AE3670 /* Images.xcassets */; };
		22AB064A1924C26600AE3670 /* XCTest.framework in Frameworks */ = {isa = PBXBuildFile; fileRef = 22AB06491924C26600AE3670 /* XCTest.framework */; };
		22AB064B1924C26600AE3670 /* Foundation.framework in Frameworks */ = {isa = PBXBuildFile; fileRef = 22AB06271924C26600AE3670 /* Foundation.framework */; };
		22AB064C1924C26600AE3670 /* UIKit.framework in Frameworks */ = {isa = PBXBuildFile; fileRef = 22AB062B1924C26600AE3670 /* UIKit.framework */; };
		22AB06541924C26600AE3670 /* InfoPlist.strings in Resources */ = {isa = PBXBuildFile; fileRef = 22AB06521924C26600AE3670 /* InfoPlist.strings */; };
		22AB06561924C26600AE3670 /* SST_Open_House_2014Tests.m in Sources */ = {isa = PBXBuildFile; fileRef = 22AB06551924C26600AE3670 /* SST_Open_House_2014Tests.m */; };
		22AB06691924E5BB00AE3670 /* SVProgressHUD.bundle in Resources */ = {isa = PBXBuildFile; fileRef = 22AB06641924E5BB00AE3670 /* SVProgressHUD.bundle */; };
		22AB066A1924E5BB00AE3670 /* SVProgressHUD.m in Sources */ = {isa = PBXBuildFile; fileRef = 22AB06661924E5BB00AE3670 /* SVProgressHUD.m */; };
		22AB066B1924E5BB00AE3670 /* TLAlertView.m in Sources */ = {isa = PBXBuildFile; fileRef = 22AB06681924E5BB00AE3670 /* TLAlertView.m */; };
		22AB066E1924EEDC00AE3670 /* CommonMethods.m in Sources */ = {isa = PBXBuildFile; fileRef = 22AB066D1924EEDC00AE3670 /* CommonMethods.m */; };
		22AB06791924F5B000AE3670 /* AboutViewController.m in Sources */ = {isa = PBXBuildFile; fileRef = 22AB06781924F5B000AE3670 /* AboutViewController.m */; };
		22AB06831925E19F00AE3670 /* NJKWebViewProgress.m in Sources */ = {isa = PBXBuildFile; fileRef = 22AB06801925E19F00AE3670 /* NJKWebViewProgress.m */; };
		22AB06841925E19F00AE3670 /* NJKWebViewProgressView.m in Sources */ = {isa = PBXBuildFile; fileRef = 22AB06821925E19F00AE3670 /* NJKWebViewProgressView.m */; };
		22AB06871925E24A00AE3670 /* WebViewController.m in Sources */ = {isa = PBXBuildFile; fileRef = 22AB06861925E24A00AE3670 /* WebViewController.m */; };
		22AB068D19260F4800AE3670 /* Maps1ViewController.m in Sources */ = {isa = PBXBuildFile; fileRef = 22AB068C19260F4800AE3670 /* Maps1ViewController.m */; };
		22AB069019260F4E00AE3670 /* Maps2ViewController.m in Sources */ = {isa = PBXBuildFile; fileRef = 22AB068F19260F4E00AE3670 /* Maps2ViewController.m */; };
		22AB069319260F5400AE3670 /* Maps3ViewController.m in Sources */ = {isa = PBXBuildFile; fileRef = 22AB069219260F5400AE3670 /* Maps3ViewController.m */; };
/* End PBXBuildFile section */

/* Begin PBXContainerItemProxy section */
		22AB064D1924C26600AE3670 /* PBXContainerItemProxy */ = {
			isa = PBXContainerItemProxy;
			containerPortal = 22AB061C1924C26600AE3670 /* Project object */;
			proxyType = 1;
			remoteGlobalIDString = 22AB06231924C26600AE3670;
			remoteInfo = "SST Open House 2014";
		};
/* End PBXContainerItemProxy section */

/* Begin PBXFileReference section */
		223250111926624A00E634E0 /* GettingStartedViewController.h */ = {isa = PBXFileReference; fileEncoding = 4; lastKnownFileType = sourcecode.c.h; path = GettingStartedViewController.h; sourceTree = "<group>"; };
		223250121926624A00E634E0 /* GettingStartedViewController.m */ = {isa = PBXFileReference; fileEncoding = 4; lastKnownFileType = sourcecode.c.objc; path = GettingStartedViewController.m; sourceTree = "<group>"; };
		22325014192716D100E634E0 /* CurriculumViewController.h */ = {isa = PBXFileReference; fileEncoding = 4; lastKnownFileType = sourcecode.c.h; path = CurriculumViewController.h; sourceTree = "<group>"; };
		22325015192716D100E634E0 /* CurriculumViewController.m */ = {isa = PBXFileReference; fileEncoding = 4; lastKnownFileType = sourcecode.c.objc; path = CurriculumViewController.m; sourceTree = "<group>"; };
		2262FCAA19277B3700B018F2 /* AcademicViewController.h */ = {isa = PBXFileReference; fileEncoding = 4; lastKnownFileType = sourcecode.c.h; path = AcademicViewController.h; sourceTree = "<group>"; };
		2262FCAB19277B3700B018F2 /* AcademicViewController.m */ = {isa = PBXFileReference; fileEncoding = 4; lastKnownFileType = sourcecode.c.objc; path = AcademicViewController.m; sourceTree = "<group>"; };
		2262FCAD19277E8E00B018F2 /* AppliedViewController.h */ = {isa = PBXFileReference; fileEncoding = 4; lastKnownFileType = sourcecode.c.h; path = AppliedViewController.h; sourceTree = "<group>"; };
		2262FCAE19277E8E00B018F2 /* AppliedViewController.m */ = {isa = PBXFileReference; fileEncoding = 4; lastKnownFileType = sourcecode.c.objc; path = AppliedViewController.m; sourceTree = "<group>"; };
		2262FCB019277E9600B018F2 /* CCAViewController.h */ = {isa = PBXFileReference; fileEncoding = 4; lastKnownFileType = sourcecode.c.h; path = CCAViewController.h; sourceTree = "<group>"; };
		2262FCB119277E9600B018F2 /* CCAViewController.m */ = {isa = PBXFileReference; fileEncoding = 4; lastKnownFileType = sourcecode.c.objc; path = CCAViewController.m; sourceTree = "<group>"; };
		2262FCB319277F3E00B018F2 /* DetailViewController.h */ = {isa = PBXFileReference; fileEncoding = 4; lastKnownFileType = sourcecode.c.h; path = DetailViewController.h; sourceTree = "<group>"; };
		2262FCB419277F3E00B018F2 /* DetailViewController.m */ = {isa = PBXFileReference; fileEncoding = 4; lastKnownFileType = sourcecode.c.objc; path = DetailViewController.m; sourceTree = "<group>"; };
		2262FCB719279FD300B018F2 /* UIImage-Extensions.h */ = {isa = PBXFileReference; fileEncoding = 4; lastKnownFileType = sourcecode.c.h; path = "UIImage-Extensions.h"; sourceTree = "<group>"; };
		2262FCB819279FD300B018F2 /* UIImage-Extensions.m */ = {isa = PBXFileReference; fileEncoding = 4; lastKnownFileType = sourcecode.c.objc; path = "UIImage-Extensions.m"; sourceTree = "<group>"; };
		22AB06241924C26600AE3670 /* Open House.app */ = {isa = PBXFileReference; explicitFileType = wrapper.application; includeInIndex = 0; path = "Open House.app"; sourceTree = BUILT_PRODUCTS_DIR; };
		22AB06271924C26600AE3670 /* Foundation.framework */ = {isa = PBXFileReference; lastKnownFileType = wrapper.framework; name = Foundation.framework; path = System/Library/Frameworks/Foundation.framework; sourceTree = SDKROOT; };
		22AB06291924C26600AE3670 /* CoreGraphics.framework */ = {isa = PBXFileReference; lastKnownFileType = wrapper.framework; name = CoreGraphics.framework; path = System/Library/Frameworks/CoreGraphics.framework; sourceTree = SDKROOT; };
		22AB062B1924C26600AE3670 /* UIKit.framework */ = {isa = PBXFileReference; lastKnownFileType = wrapper.framework; name = UIKit.framework; path = System/Library/Frameworks/UIKit.framework; sourceTree = SDKROOT; };
		22AB062F1924C26600AE3670 /* Open House-Info.plist */ = {isa = PBXFileReference; lastKnownFileType = text.plist.xml; path = "Open House-Info.plist"; sourceTree = "<group>"; };
		22AB06311924C26600AE3670 /* en */ = {isa = PBXFileReference; lastKnownFileType = text.plist.strings; name = en; path = en.lproj/InfoPlist.strings; sourceTree = "<group>"; };
		22AB06331924C26600AE3670 /* main.m */ = {isa = PBXFileReference; lastKnownFileType = sourcecode.c.objc; path = main.m; sourceTree = "<group>"; };
		22AB06351924C26600AE3670 /* Open House-Prefix.pch */ = {isa = PBXFileReference; lastKnownFileType = sourcecode.c.h; path = "Open House-Prefix.pch"; sourceTree = "<group>"; };
		22AB06361924C26600AE3670 /* AppDelegate.h */ = {isa = PBXFileReference; lastKnownFileType = sourcecode.c.h; path = AppDelegate.h; sourceTree = "<group>"; };
		22AB06371924C26600AE3670 /* AppDelegate.m */ = {isa = PBXFileReference; lastKnownFileType = sourcecode.c.objc; path = AppDelegate.m; sourceTree = "<group>"; };
		22AB063A1924C26600AE3670 /* Base */ = {isa = PBXFileReference; lastKnownFileType = file.storyboard; name = Base; path = Base.lproj/Main_iPhone.storyboard; sourceTree = "<group>"; };
		22AB063D1924C26600AE3670 /* Base */ = {isa = PBXFileReference; lastKnownFileType = file.storyboard; name = Base; path = Base.lproj/Main_iPad.storyboard; sourceTree = "<group>"; };
		22AB063F1924C26600AE3670 /* ViewController.h */ = {isa = PBXFileReference; lastKnownFileType = sourcecode.c.h; path = ViewController.h; sourceTree = "<group>"; };
		22AB06401924C26600AE3670 /* ViewController.m */ = {isa = PBXFileReference; lastKnownFileType = sourcecode.c.objc; path = ViewController.m; sourceTree = "<group>"; };
		22AB06421924C26600AE3670 /* Images.xcassets */ = {isa = PBXFileReference; lastKnownFileType = folder.assetcatalog; path = Images.xcassets; sourceTree = "<group>"; };
		22AB06481924C26600AE3670 /* Open HouseTests.xctest */ = {isa = PBXFileReference; explicitFileType = wrapper.cfbundle; includeInIndex = 0; path = "Open HouseTests.xctest"; sourceTree = BUILT_PRODUCTS_DIR; };
		22AB06491924C26600AE3670 /* XCTest.framework */ = {isa = PBXFileReference; lastKnownFileType = wrapper.framework; name = XCTest.framework; path = Library/Frameworks/XCTest.framework; sourceTree = DEVELOPER_DIR; };
		22AB06511924C26600AE3670 /* Open HouseTests-Info.plist */ = {isa = PBXFileReference; lastKnownFileType = text.plist.xml; path = "Open HouseTests-Info.plist"; sourceTree = "<group>"; };
		22AB06531924C26600AE3670 /* en */ = {isa = PBXFileReference; lastKnownFileType = text.plist.strings; name = en; path = en.lproj/InfoPlist.strings; sourceTree = "<group>"; };
		22AB06551924C26600AE3670 /* SST_Open_House_2014Tests.m */ = {isa = PBXFileReference; lastKnownFileType = sourcecode.c.objc; path = SST_Open_House_2014Tests.m; sourceTree = "<group>"; };
		22AB06631924E5BB00AE3670 /* SVProgressHUD-Prefix.pch */ = {isa = PBXFileReference; fileEncoding = 4; lastKnownFileType = sourcecode.c.h; path = "SVProgressHUD-Prefix.pch"; sourceTree = "<group>"; };
		22AB06641924E5BB00AE3670 /* SVProgressHUD.bundle */ = {isa = PBXFileReference; lastKnownFileType = "wrapper.plug-in"; path = SVProgressHUD.bundle; sourceTree = "<group>"; };
		22AB06651924E5BB00AE3670 /* SVProgressHUD.h */ = {isa = PBXFileReference; fileEncoding = 4; lastKnownFileType = sourcecode.c.h; path = SVProgressHUD.h; sourceTree = "<group>"; };
		22AB06661924E5BB00AE3670 /* SVProgressHUD.m */ = {isa = PBXFileReference; fileEncoding = 4; lastKnownFileType = sourcecode.c.objc; path = SVProgressHUD.m; sourceTree = "<group>"; };
		22AB06671924E5BB00AE3670 /* TLAlertView.h */ = {isa = PBXFileReference; fileEncoding = 4; lastKnownFileType = sourcecode.c.h; path = TLAlertView.h; sourceTree = "<group>"; };
		22AB06681924E5BB00AE3670 /* TLAlertView.m */ = {isa = PBXFileReference; fileEncoding = 4; lastKnownFileType = sourcecode.c.objc; path = TLAlertView.m; sourceTree = "<group>"; };
		22AB066C1924EEDC00AE3670 /* CommonMethods.h */ = {isa = PBXFileReference; fileEncoding = 4; lastKnownFileType = sourcecode.c.h; path = CommonMethods.h; sourceTree = "<group>"; };
		22AB066D1924EEDC00AE3670 /* CommonMethods.m */ = {isa = PBXFileReference; fileEncoding = 4; lastKnownFileType = sourcecode.c.objc; path = CommonMethods.m; sourceTree = "<group>"; };
		22AB06771924F5B000AE3670 /* AboutViewController.h */ = {isa = PBXFileReference; fileEncoding = 4; lastKnownFileType = sourcecode.c.h; path = AboutViewController.h; sourceTree = "<group>"; };
		22AB06781924F5B000AE3670 /* AboutViewController.m */ = {isa = PBXFileReference; fileEncoding = 4; lastKnownFileType = sourcecode.c.objc; path = AboutViewController.m; sourceTree = "<group>"; };
		22AB067F1925E19F00AE3670 /* NJKWebViewProgress.h */ = {isa = PBXFileReference; fileEncoding = 4; lastKnownFileType = sourcecode.c.h; path = NJKWebViewProgress.h; sourceTree = "<group>"; };
		22AB06801925E19F00AE3670 /* NJKWebViewProgress.m */ = {isa = PBXFileReference; fileEncoding = 4; lastKnownFileType = sourcecode.c.objc; path = NJKWebViewProgress.m; sourceTree = "<group>"; };
		22AB06811925E19F00AE3670 /* NJKWebViewProgressView.h */ = {isa = PBXFileReference; fileEncoding = 4; lastKnownFileType = sourcecode.c.h; path = NJKWebViewProgressView.h; sourceTree = "<group>"; };
		22AB06821925E19F00AE3670 /* NJKWebViewProgressView.m */ = {isa = PBXFileReference; fileEncoding = 4; lastKnownFileType = sourcecode.c.objc; path = NJKWebViewProgressView.m; sourceTree = "<group>"; };
		22AB06851925E24A00AE3670 /* WebViewController.h */ = {isa = PBXFileReference; fileEncoding = 4; lastKnownFileType = sourcecode.c.h; path = WebViewController.h; sourceTree = "<group>"; };
		22AB06861925E24A00AE3670 /* WebViewController.m */ = {isa = PBXFileReference; fileEncoding = 4; lastKnownFileType = sourcecode.c.objc; path = WebViewController.m; sourceTree = "<group>"; };
		22AB068B19260F4800AE3670 /* Maps1ViewController.h */ = {isa = PBXFileReference; fileEncoding = 4; lastKnownFileType = sourcecode.c.h; path = Maps1ViewController.h; sourceTree = "<group>"; };
		22AB068C19260F4800AE3670 /* Maps1ViewController.m */ = {isa = PBXFileReference; fileEncoding = 4; lastKnownFileType = sourcecode.c.objc; path = Maps1ViewController.m; sourceTree = "<group>"; };
		22AB068E19260F4E00AE3670 /* Maps2ViewController.h */ = {isa = PBXFileReference; fileEncoding = 4; lastKnownFileType = sourcecode.c.h; path = Maps2ViewController.h; sourceTree = "<group>"; };
		22AB068F19260F4E00AE3670 /* Maps2ViewController.m */ = {isa = PBXFileReference; fileEncoding = 4; lastKnownFileType = sourcecode.c.objc; path = Maps2ViewController.m; sourceTree = "<group>"; };
		22AB069119260F5400AE3670 /* Maps3ViewController.h */ = {isa = PBXFileReference; fileEncoding = 4; lastKnownFileType = sourcecode.c.h; path = Maps3ViewController.h; sourceTree = "<group>"; };
		22AB069219260F5400AE3670 /* Maps3ViewController.m */ = {isa = PBXFileReference; fileEncoding = 4; lastKnownFileType = sourcecode.c.objc; path = Maps3ViewController.m; sourceTree = "<group>"; };
/* End PBXFileReference section */

/* Begin PBXFrameworksBuildPhase section */
		22AB06211924C26600AE3670 /* Frameworks */ = {
			isa = PBXFrameworksBuildPhase;
			buildActionMask = 2147483647;
			files = (
				22AB062A1924C26600AE3670 /* CoreGraphics.framework in Frameworks */,
				22AB062C1924C26600AE3670 /* UIKit.framework in Frameworks */,
				22AB06281924C26600AE3670 /* Foundation.framework in Frameworks */,
			);
			runOnlyForDeploymentPostprocessing = 0;
		};
		22AB06451924C26600AE3670 /* Frameworks */ = {
			isa = PBXFrameworksBuildPhase;
			buildActionMask = 2147483647;
			files = (
				22AB064A1924C26600AE3670 /* XCTest.framework in Frameworks */,
				22AB064C1924C26600AE3670 /* UIKit.framework in Frameworks */,
				22AB064B1924C26600AE3670 /* Foundation.framework in Frameworks */,
			);
			runOnlyForDeploymentPostprocessing = 0;
		};
/* End PBXFrameworksBuildPhase section */

/* Begin PBXGroup section */
		2262FCA919277B1500B018F2 /* SubjectVCs */ = {
			isa = PBXGroup;
			children = (
				2262FCAA19277B3700B018F2 /* AcademicViewController.h */,
				2262FCAB19277B3700B018F2 /* AcademicViewController.m */,
				2262FCAD19277E8E00B018F2 /* AppliedViewController.h */,
				2262FCAE19277E8E00B018F2 /* AppliedViewController.m */,
				2262FCB019277E9600B018F2 /* CCAViewController.h */,
				2262FCB119277E9600B018F2 /* CCAViewController.m */,
				2262FCB319277F3E00B018F2 /* DetailViewController.h */,
				2262FCB419277F3E00B018F2 /* DetailViewController.m */,
			);
			path = SubjectVCs;
			sourceTree = "<group>";
		};
		22AB061B1924C26600AE3670 = {
			isa = PBXGroup;
			children = (
				22AB06611924E5BB00AE3670 /* Externals */,
				22AB062D1924C26600AE3670 /* SST Open House 2014 */,
				22AB064F1924C26600AE3670 /* SST Open House 2014Tests */,
				22AB06261924C26600AE3670 /* Frameworks */,
				22AB06251924C26600AE3670 /* Products */,
			);
			sourceTree = "<group>";
		};
		22AB06251924C26600AE3670 /* Products */ = {
			isa = PBXGroup;
			children = (
				22AB06241924C26600AE3670 /* Open House.app */,
				22AB06481924C26600AE3670 /* Open HouseTests.xctest */,
			);
			name = Products;
			sourceTree = "<group>";
		};
		22AB06261924C26600AE3670 /* Frameworks */ = {
			isa = PBXGroup;
			children = (
				22AB06271924C26600AE3670 /* Foundation.framework */,
				22AB06291924C26600AE3670 /* CoreGraphics.framework */,
				22AB062B1924C26600AE3670 /* UIKit.framework */,
				22AB06491924C26600AE3670 /* XCTest.framework */,
			);
			name = Frameworks;
			sourceTree = "<group>";
		};
		22AB062D1924C26600AE3670 /* SST Open House 2014 */ = {
			isa = PBXGroup;
			children = (
				22AB06361924C26600AE3670 /* AppDelegate.h */,
				22AB06371924C26600AE3670 /* AppDelegate.m */,
				22AB066C1924EEDC00AE3670 /* CommonMethods.h */,
				22AB066D1924EEDC00AE3670 /* CommonMethods.m */,
				22AB06391924C26600AE3670 /* Main_iPhone.storyboard */,
				22AB063C1924C26600AE3670 /* Main_iPad.storyboard */,
				22AB063F1924C26600AE3670 /* ViewController.h */,
				22AB06401924C26600AE3670 /* ViewController.m */,
				223250111926624A00E634E0 /* GettingStartedViewController.h */,
				223250121926624A00E634E0 /* GettingStartedViewController.m */,
				22AB06771924F5B000AE3670 /* AboutViewController.h */,
				22AB06781924F5B000AE3670 /* AboutViewController.m */,
				22AB06851925E24A00AE3670 /* WebViewController.h */,
				22AB06861925E24A00AE3670 /* WebViewController.m */,
				22325014192716D100E634E0 /* CurriculumViewController.h */,
				22325015192716D100E634E0 /* CurriculumViewController.m */,
				2262FCB719279FD300B018F2 /* UIImage-Extensions.h */,
				2262FCB819279FD300B018F2 /* UIImage-Extensions.m */,
				2262FCA919277B1500B018F2 /* SubjectVCs */,
				22AB068A19260F3A00AE3670 /* Maps */,
				22AB06421924C26600AE3670 /* Images.xcassets */,
				22AB062E1924C26600AE3670 /* Supporting Files */,
			);
			path = "SST Open House 2014";
			sourceTree = "<group>";
		};
		22AB062E1924C26600AE3670 /* Supporting Files */ = {
			isa = PBXGroup;
			children = (
				22AB062F1924C26600AE3670 /* Open House-Info.plist */,
				22AB06301924C26600AE3670 /* InfoPlist.strings */,
				22AB06331924C26600AE3670 /* main.m */,
				22AB06351924C26600AE3670 /* Open House-Prefix.pch */,
			);
			name = "Supporting Files";
			sourceTree = "<group>";
		};
		22AB064F1924C26600AE3670 /* SST Open House 2014Tests */ = {
			isa = PBXGroup;
			children = (
				22AB06551924C26600AE3670 /* SST_Open_House_2014Tests.m */,
				22AB06501924C26600AE3670 /* Supporting Files */,
			);
			path = "SST Open House 2014Tests";
			sourceTree = "<group>";
		};
		22AB06501924C26600AE3670 /* Supporting Files */ = {
			isa = PBXGroup;
			children = (
				22AB06511924C26600AE3670 /* Open HouseTests-Info.plist */,
				22AB06521924C26600AE3670 /* InfoPlist.strings */,
			);
			name = "Supporting Files";
			sourceTree = "<group>";
		};
		22AB06611924E5BB00AE3670 /* Externals */ = {
			isa = PBXGroup;
			children = (
				22AB067E1925E19F00AE3670 /* NJKWebViewProgress */,
				22AB06621924E5BB00AE3670 /* SVProgressHUD */,
			);
			name = Externals;
			path = "SST Open House 2014/Externals";
			sourceTree = "<group>";
		};
		22AB06621924E5BB00AE3670 /* SVProgressHUD */ = {
			isa = PBXGroup;
			children = (
				22AB06631924E5BB00AE3670 /* SVProgressHUD-Prefix.pch */,
				22AB06641924E5BB00AE3670 /* SVProgressHUD.bundle */,
				22AB06651924E5BB00AE3670 /* SVProgressHUD.h */,
				22AB06661924E5BB00AE3670 /* SVProgressHUD.m */,
				22AB06671924E5BB00AE3670 /* TLAlertView.h */,
				22AB06681924E5BB00AE3670 /* TLAlertView.m */,
			);
			path = SVProgressHUD;
			sourceTree = "<group>";
		};
		22AB067E1925E19F00AE3670 /* NJKWebViewProgress */ = {
			isa = PBXGroup;
			children = (
				22AB067F1925E19F00AE3670 /* NJKWebViewProgress.h */,
				22AB06801925E19F00AE3670 /* NJKWebViewProgress.m */,
				22AB06811925E19F00AE3670 /* NJKWebViewProgressView.h */,
				22AB06821925E19F00AE3670 /* NJKWebViewProgressView.m */,
			);
			path = NJKWebViewProgress;
			sourceTree = "<group>";
		};
		22AB068A19260F3A00AE3670 /* Maps */ = {
			isa = PBXGroup;
			children = (
				22AB068B19260F4800AE3670 /* Maps1ViewController.h */,
				22AB068C19260F4800AE3670 /* Maps1ViewController.m */,
				22AB068E19260F4E00AE3670 /* Maps2ViewController.h */,
				22AB068F19260F4E00AE3670 /* Maps2ViewController.m */,
				22AB069119260F5400AE3670 /* Maps3ViewController.h */,
				22AB069219260F5400AE3670 /* Maps3ViewController.m */,
			);
			path = Maps;
			sourceTree = "<group>";
		};
/* End PBXGroup section */

/* Begin PBXNativeTarget section */
		22AB06231924C26600AE3670 /* Open House */ = {
			isa = PBXNativeTarget;
			buildConfigurationList = 22AB06591924C26600AE3670 /* Build configuration list for PBXNativeTarget "Open House" */;
			buildPhases = (
				22AB06201924C26600AE3670 /* Sources */,
				22AB06211924C26600AE3670 /* Frameworks */,
				22AB06221924C26600AE3670 /* Resources */,
			);
			buildRules = (
			);
			dependencies = (
			);
			name = "Open House";
			productName = "SST Open House 2014";
			productReference = 22AB06241924C26600AE3670 /* Open House.app */;
			productType = "com.apple.product-type.application";
		};
		22AB06471924C26600AE3670 /* Open HouseTests */ = {
			isa = PBXNativeTarget;
			buildConfigurationList = 22AB065C1924C26600AE3670 /* Build configuration list for PBXNativeTarget "Open HouseTests" */;
			buildPhases = (
				22AB06441924C26600AE3670 /* Sources */,
				22AB06451924C26600AE3670 /* Frameworks */,
				22AB06461924C26600AE3670 /* Resources */,
			);
			buildRules = (
			);
			dependencies = (
				22AB064E1924C26600AE3670 /* PBXTargetDependency */,
			);
			name = "Open HouseTests";
			productName = "SST Open House 2014Tests";
			productReference = 22AB06481924C26600AE3670 /* Open HouseTests.xctest */;
			productType = "com.apple.product-type.bundle.unit-test";
		};
/* End PBXNativeTarget section */

/* Begin PBXProject section */
		22AB061C1924C26600AE3670 /* Project object */ = {
			isa = PBXProject;
			attributes = {
				LastUpgradeCheck = 0510;
				ORGANIZATIONNAME = "Cyber Inc & StatiX Industries";
				TargetAttributes = {
					22AB06231924C26600AE3670 = {
						DevelopmentTeam = 7K6ZTDFM48;
					};
					22AB06471924C26600AE3670 = {
						TestTargetID = 22AB06231924C26600AE3670;
					};
				};
			};
			buildConfigurationList = 22AB061F1924C26600AE3670 /* Build configuration list for PBXProject "Open House" */;
			compatibilityVersion = "Xcode 3.2";
			developmentRegion = English;
			hasScannedForEncodings = 0;
			knownRegions = (
				en,
				Base,
			);
			mainGroup = 22AB061B1924C26600AE3670;
			productRefGroup = 22AB06251924C26600AE3670 /* Products */;
			projectDirPath = "";
			projectRoot = "";
			targets = (
				22AB06231924C26600AE3670 /* Open House */,
				22AB06471924C26600AE3670 /* Open HouseTests */,
			);
		};
/* End PBXProject section */

/* Begin PBXResourcesBuildPhase section */
		22AB06221924C26600AE3670 /* Resources */ = {
			isa = PBXResourcesBuildPhase;
			buildActionMask = 2147483647;
			files = (
				22AB06691924E5BB00AE3670 /* SVProgressHUD.bundle in Resources */,
				22AB063E1924C26600AE3670 /* Main_iPad.storyboard in Resources */,
				22AB06431924C26600AE3670 /* Images.xcassets in Resources */,
				22AB063B1924C26600AE3670 /* Main_iPhone.storyboard in Resources */,
				22AB06321924C26600AE3670 /* InfoPlist.strings in Resources */,
			);
			runOnlyForDeploymentPostprocessing = 0;
		};
		22AB06461924C26600AE3670 /* Resources */ = {
			isa = PBXResourcesBuildPhase;
			buildActionMask = 2147483647;
			files = (
				22AB06541924C26600AE3670 /* InfoPlist.strings in Resources */,
			);
			runOnlyForDeploymentPostprocessing = 0;
		};
/* End PBXResourcesBuildPhase section */

/* Begin PBXSourcesBuildPhase section */
		22AB06201924C26600AE3670 /* Sources */ = {
			isa = PBXSourcesBuildPhase;
			buildActionMask = 2147483647;
			files = (
				22AB06831925E19F00AE3670 /* NJKWebViewProgress.m in Sources */,
				2262FCB919279FD300B018F2 /* UIImage-Extensions.m in Sources */,
				22AB06871925E24A00AE3670 /* WebViewController.m in Sources */,
				22325016192716D100E634E0 /* CurriculumViewController.m in Sources */,
				22AB06791924F5B000AE3670 /* AboutViewController.m in Sources */,
				2262FCB219277E9600B018F2 /* CCAViewController.m in Sources */,
				22AB06411924C26600AE3670 /* ViewController.m in Sources */,
				22AB066E1924EEDC00AE3670 /* CommonMethods.m in Sources */,
				22AB066A1924E5BB00AE3670 /* SVProgressHUD.m in Sources */,
				22AB06381924C26600AE3670 /* AppDelegate.m in Sources */,
				2262FCB519277F3E00B018F2 /* DetailViewController.m in Sources */,
				223250131926624A00E634E0 /* GettingStartedViewController.m in Sources */,
				2262FCAC19277B3700B018F2 /* AcademicViewController.m in Sources */,
				22AB06341924C26600AE3670 /* main.m in Sources */,
				2262FCAF19277E8E00B018F2 /* AppliedViewController.m in Sources */,
				22AB068D19260F4800AE3670 /* Maps1ViewController.m in Sources */,
				22AB06841925E19F00AE3670 /* NJKWebViewProgressView.m in Sources */,
				22AB069319260F5400AE3670 /* Maps3ViewController.m in Sources */,
				22AB069019260F4E00AE3670 /* Maps2ViewController.m in Sources */,
				22AB066B1924E5BB00AE3670 /* TLAlertView.m in Sources */,
			);
			runOnlyForDeploymentPostprocessing = 0;
		};
		22AB06441924C26600AE3670 /* Sources */ = {
			isa = PBXSourcesBuildPhase;
			buildActionMask = 2147483647;
			files = (
				22AB06561924C26600AE3670 /* SST_Open_House_2014Tests.m in Sources */,
			);
			runOnlyForDeploymentPostprocessing = 0;
		};
/* End PBXSourcesBuildPhase section */

/* Begin PBXTargetDependency section */
		22AB064E1924C26600AE3670 /* PBXTargetDependency */ = {
			isa = PBXTargetDependency;
			target = 22AB06231924C26600AE3670 /* Open House */;
			targetProxy = 22AB064D1924C26600AE3670 /* PBXContainerItemProxy */;
		};
/* End PBXTargetDependency section */

/* Begin PBXVariantGroup section */
		22AB06301924C26600AE3670 /* InfoPlist.strings */ = {
			isa = PBXVariantGroup;
			children = (
				22AB06311924C26600AE3670 /* en */,
			);
			name = InfoPlist.strings;
			sourceTree = "<group>";
		};
		22AB06391924C26600AE3670 /* Main_iPhone.storyboard */ = {
			isa = PBXVariantGroup;
			children = (
				22AB063A1924C26600AE3670 /* Base */,
			);
			name = Main_iPhone.storyboard;
			sourceTree = "<group>";
		};
		22AB063C1924C26600AE3670 /* Main_iPad.storyboard */ = {
			isa = PBXVariantGroup;
			children = (
				22AB063D1924C26600AE3670 /* Base */,
			);
			name = Main_iPad.storyboard;
			sourceTree = "<group>";
		};
		22AB06521924C26600AE3670 /* InfoPlist.strings */ = {
			isa = PBXVariantGroup;
			children = (
				22AB06531924C26600AE3670 /* en */,
			);
			name = InfoPlist.strings;
			sourceTree = "<group>";
		};
/* End PBXVariantGroup section */

/* Begin XCBuildConfiguration section */
		22AB06571924C26600AE3670 /* Debug */ = {
			isa = XCBuildConfiguration;
			buildSettings = {
				ALWAYS_SEARCH_USER_PATHS = NO;
				CLANG_CXX_LANGUAGE_STANDARD = "gnu++0x";
				CLANG_CXX_LIBRARY = "libc++";
				CLANG_ENABLE_MODULES = YES;
				CLANG_ENABLE_OBJC_ARC = YES;
				CLANG_WARN_BOOL_CONVERSION = YES;
				CLANG_WARN_CONSTANT_CONVERSION = YES;
				CLANG_WARN_DIRECT_OBJC_ISA_USAGE = YES_ERROR;
				CLANG_WARN_EMPTY_BODY = YES;
				CLANG_WARN_ENUM_CONVERSION = YES;
				CLANG_WARN_INT_CONVERSION = YES;
				CLANG_WARN_OBJC_ROOT_CLASS = YES_ERROR;
				CLANG_WARN__DUPLICATE_METHOD_MATCH = YES;
				"CODE_SIGN_IDENTITY[sdk=iphoneos*]" = "iPhone Developer";
				COPY_PHASE_STRIP = NO;
				GCC_C_LANGUAGE_STANDARD = gnu99;
				GCC_DYNAMIC_NO_PIC = NO;
				GCC_OPTIMIZATION_LEVEL = 0;
				GCC_PREPROCESSOR_DEFINITIONS = (
					"DEBUG=1",
					"$(inherited)",
				);
				GCC_SYMBOLS_PRIVATE_EXTERN = NO;
				GCC_WARN_64_TO_32_BIT_CONVERSION = YES;
				GCC_WARN_ABOUT_RETURN_TYPE = YES_ERROR;
				GCC_WARN_UNDECLARED_SELECTOR = YES;
				GCC_WARN_UNINITIALIZED_AUTOS = YES_AGGRESSIVE;
				GCC_WARN_UNUSED_FUNCTION = YES;
				GCC_WARN_UNUSED_VARIABLE = YES;
				IPHONEOS_DEPLOYMENT_TARGET = 7.1;
				ONLY_ACTIVE_ARCH = YES;
				SDKROOT = iphoneos;
				TARGETED_DEVICE_FAMILY = "1,2";
			};
			name = Debug;
		};
		22AB06581924C26600AE3670 /* Release */ = {
			isa = XCBuildConfiguration;
			buildSettings = {
				ALWAYS_SEARCH_USER_PATHS = NO;
				CLANG_CXX_LANGUAGE_STANDARD = "gnu++0x";
				CLANG_CXX_LIBRARY = "libc++";
				CLANG_ENABLE_MODULES = YES;
				CLANG_ENABLE_OBJC_ARC = YES;
				CLANG_WARN_BOOL_CONVERSION = YES;
				CLANG_WARN_CONSTANT_CONVERSION = YES;
				CLANG_WARN_DIRECT_OBJC_ISA_USAGE = YES_ERROR;
				CLANG_WARN_EMPTY_BODY = YES;
				CLANG_WARN_ENUM_CONVERSION = YES;
				CLANG_WARN_INT_CONVERSION = YES;
				CLANG_WARN_OBJC_ROOT_CLASS = YES_ERROR;
				CLANG_WARN__DUPLICATE_METHOD_MATCH = YES;
				"CODE_SIGN_IDENTITY[sdk=iphoneos*]" = "iPhone Developer";
				COPY_PHASE_STRIP = YES;
				ENABLE_NS_ASSERTIONS = NO;
				GCC_C_LANGUAGE_STANDARD = gnu99;
				GCC_WARN_64_TO_32_BIT_CONVERSION = YES;
				GCC_WARN_ABOUT_RETURN_TYPE = YES_ERROR;
				GCC_WARN_UNDECLARED_SELECTOR = YES;
				GCC_WARN_UNINITIALIZED_AUTOS = YES_AGGRESSIVE;
				GCC_WARN_UNUSED_FUNCTION = YES;
				GCC_WARN_UNUSED_VARIABLE = YES;
				IPHONEOS_DEPLOYMENT_TARGET = 7.1;
				SDKROOT = iphoneos;
				TARGETED_DEVICE_FAMILY = "1,2";
				VALIDATE_PRODUCT = YES;
			};
			name = Release;
		};
		22AB065A1924C26600AE3670 /* Debug */ = {
			isa = XCBuildConfiguration;
			buildSettings = {
				ASSETCATALOG_COMPILER_APPICON_NAME = AppIcon;
				ASSETCATALOG_COMPILER_LAUNCHIMAGE_NAME = LaunchImage;
				CODE_SIGN_IDENTITY = "iPhone Developer";
				"CODE_SIGN_IDENTITY[sdk=iphoneos*]" = "iPhone Developer";
				GCC_PRECOMPILE_PREFIX_HEADER = YES;
				GCC_PREFIX_HEADER = "SST Open House 2014/Open House-Prefix.pch";
				INFOPLIST_FILE = "SST Open House 2014/Open House-Info.plist";
				IPHONEOS_DEPLOYMENT_TARGET = 7.0;
				PRODUCT_NAME = "Open House";
				PROVISIONING_PROFILE = "47D7A4E5-F9CD-4D68-BA7D-5C9529D5088C";
				WRAPPER_EXTENSION = app;
			};
			name = Debug;
		};
		22AB065B1924C26600AE3670 /* Release */ = {
			isa = XCBuildConfiguration;
			buildSettings = {
				ASSETCATALOG_COMPILER_APPICON_NAME = AppIcon;
				ASSETCATALOG_COMPILER_LAUNCHIMAGE_NAME = LaunchImage;
				CODE_SIGN_IDENTITY = "iPhone Developer";
				"CODE_SIGN_IDENTITY[sdk=iphoneos*]" = "iPhone Developer";
				GCC_PRECOMPILE_PREFIX_HEADER = YES;
				GCC_PREFIX_HEADER = "SST Open House 2014/Open House-Prefix.pch";
				INFOPLIST_FILE = "SST Open House 2014/Open House-Info.plist";
				IPHONEOS_DEPLOYMENT_TARGET = 7.0;
				PRODUCT_NAME = "Open House";
				PROVISIONING_PROFILE = "DA046508-4180-4231-95FD-8664E82A1ABA";
				WRAPPER_EXTENSION = app;
			};
			name = Release;
		};
		22AB065D1924C26600AE3670 /* Debug */ = {
			isa = XCBuildConfiguration;
			buildSettings = {
				BUNDLE_LOADER = "$(BUILT_PRODUCTS_DIR)/SST Open House 2014.app/SST Open House 2014";
				FRAMEWORK_SEARCH_PATHS = (
					"$(SDKROOT)/Developer/Library/Frameworks",
					"$(inherited)",
					"$(DEVELOPER_FRAMEWORKS_DIR)",
				);
				GCC_PRECOMPILE_PREFIX_HEADER = YES;
				GCC_PREFIX_HEADER = "SST Open House 2014/SST Open House 2014-Prefix.pch";
				GCC_PREPROCESSOR_DEFINITIONS = (
					"DEBUG=1",
					"$(inherited)",
				);
				INFOPLIST_FILE = "SST Open House 2014Tests/Open HouseTests-Info.plist";
				PRODUCT_NAME = "Open HouseTests";
				TEST_HOST = "$(BUNDLE_LOADER)";
				WRAPPER_EXTENSION = xctest;
			};
			name = Debug;
		};
		22AB065E1924C26600AE3670 /* Release */ = {
			isa = XCBuildConfiguration;
			buildSettings = {
				BUNDLE_LOADER = "$(BUILT_PRODUCTS_DIR)/SST Open House 2014.app/SST Open House 2014";
				FRAMEWORK_SEARCH_PATHS = (
					"$(SDKROOT)/Developer/Library/Frameworks",
					"$(inherited)",
					"$(DEVELOPER_FRAMEWORKS_DIR)",
				);
				GCC_PRECOMPILE_PREFIX_HEADER = YES;
				GCC_PREFIX_HEADER = "SST Open House 2014/SST Open House 2014-Prefix.pch";
				INFOPLIST_FILE = "SST Open House 2014Tests/Open HouseTests-Info.plist";
				PRODUCT_NAME = "Open HouseTests";
				TEST_HOST = "$(BUNDLE_LOADER)";
				WRAPPER_EXTENSION = xctest;
			};
			name = Release;
		};
/* End XCBuildConfiguration section */

/* Begin XCConfigurationList section */
		22AB061F1924C26600AE3670 /* Build configuration list for PBXProject "Open House" */ = {
			isa = XCConfigurationList;
			buildConfigurations = (
				22AB06571924C26600AE3670 /* Debug */,
				22AB06581924C26600AE3670 /* Release */,
			);
			defaultConfigurationIsVisible = 0;
			defaultConfigurationName = Release;
		};
		22AB06591924C26600AE3670 /* Build configuration list for PBXNativeTarget "Open House" */ = {
			isa = XCConfigurationList;
			buildConfigurations = (
				22AB065A1924C26600AE3670 /* Debug */,
				22AB065B1924C26600AE3670 /* Release */,
			);
			defaultConfigurationIsVisible = 0;
			defaultConfigurationName = Release;
		};
		22AB065C1924C26600AE3670 /* Build configuration list for PBXNativeTarget "Open HouseTests" */ = {
			isa = XCConfigurationList;
			buildConfigurations = (
				22AB065D1924C26600AE3670 /* Debug */,
				22AB065E1924C26600AE3670 /* Release */,
			);
			defaultConfigurationIsVisible = 0;
			defaultConfigurationName = Release;
		};
/* End XCConfigurationList section */
	};
	rootObject = 22AB061C1924C26600AE3670 /* Project object */;
}
